
Microsoft Visual Studio Solution File, Format Version 12.00
# Visual Studio Version 16
VisualStudioVersion = 16.0.30002.166
MinimumVisualStudioVersion = 10.0.40219.1
Project("{FAE04EC0-301F-11D3-BF4B-00C04F79EFBC}") = "ParentalControl.View", "ParentalControl.View\ParentalControl.View.csproj", "{BDE05970-3052-451B-9458-AE138687ED2C}"
EndProject
Project("{FAE04EC0-301F-11D3-BF4B-00C04F79EFBC}") = "ParentalControl.Data", "ParentalControl.Data\ParentalControl.Data.csproj", "{C0D5A4E5-1033-4C4C-AA90-24D737E88C9E}"
EndProject
Project("{FAE04EC0-301F-11D3-BF4B-00C04F79EFBC}") = "ParentalControl.Data.Tests", "ParentalControl.Data.Tests\ParentalControl.Data.Tests.csproj", "{8559BE44-AF5F-4F47-ABFC-99C78B4A8A89}"
EndProject
Project("{2150E333-8FDC-42A3-9474-1A3956D46DE8}") = "Solution Items", "Solution Items", "{041FB586-DA0C-4DBC-AF5E-FFBC0E1A90BE}"
	ProjectSection(SolutionItems) = preProject
		oenik.ruleset = oenik.ruleset
		README.MD = README.MD
	EndProjectSection
EndProject
Project("{FAE04EC0-301F-11D3-BF4B-00C04F79EFBC}") = "ParentalControl.Interface", "ParentalControl.Interface\ParentalControl.Interface.csproj", "{11520837-C058-45D8-BA21-C87678E2F6F7}"
EndProject
Project("{FAE04EC0-301F-11D3-BF4B-00C04F79EFBC}") = "ParentalControl.BL", "ParentalControl.BL\ParentalControl.BL.csproj", "{2D239089-036A-4558-AA41-EA642A2C8B48}"
EndProject
Project("{FAE04EC0-301F-11D3-BF4B-00C04F79EFBC}") = "ParentalControl.Service", "ParentalControl.Service\ParentalControl.Service.csproj", "{CDAB5390-C75D-4A7C-8AD9-7666806F9F4B}"
EndProject
Project("{FAE04EC0-301F-11D3-BF4B-00C04F79EFBC}") = "ParentalControl.VM", "ParentalControl.VM\ParentalControl.VM.csproj", "{7C1F26A6-5E7A-4513-91DE-CF86D6FA54CB}"
EndProject
Global
	GlobalSection(SolutionConfigurationPlatforms) = preSolution
		Debug|Any CPU = Debug|Any CPU
		Release|Any CPU = Release|Any CPU
	EndGlobalSection
	GlobalSection(ProjectConfigurationPlatforms) = postSolution
		{BDE05970-3052-451B-9458-AE138687ED2C}.Debug|Any CPU.ActiveCfg = Debug|Any CPU
		{BDE05970-3052-451B-9458-AE138687ED2C}.Debug|Any CPU.Build.0 = Debug|Any CPU
		{BDE05970-3052-451B-9458-AE138687ED2C}.Release|Any CPU.ActiveCfg = Release|Any CPU
		{BDE05970-3052-451B-9458-AE138687ED2C}.Release|Any CPU.Build.0 = Release|Any CPU
		{C0D5A4E5-1033-4C4C-AA90-24D737E88C9E}.Debug|Any CPU.ActiveCfg = Debug|Any CPU
		{C0D5A4E5-1033-4C4C-AA90-24D737E88C9E}.Debug|Any CPU.Build.0 = Debug|Any CPU
		{C0D5A4E5-1033-4C4C-AA90-24D737E88C9E}.Release|Any CPU.ActiveCfg = Release|Any CPU
		{C0D5A4E5-1033-4C4C-AA90-24D737E88C9E}.Release|Any CPU.Build.0 = Release|Any CPU
		{8559BE44-AF5F-4F47-ABFC-99C78B4A8A89}.Debug|Any CPU.ActiveCfg = Debug|Any CPU
		{8559BE44-AF5F-4F47-ABFC-99C78B4A8A89}.Debug|Any CPU.Build.0 = Debug|Any CPU
		{8559BE44-AF5F-4F47-ABFC-99C78B4A8A89}.Release|Any CPU.ActiveCfg = Release|Any CPU
		{8559BE44-AF5F-4F47-ABFC-99C78B4A8A89}.Release|Any CPU.Build.0 = Release|Any CPU
		{11520837-C058-45D8-BA21-C87678E2F6F7}.Debug|Any CPU.ActiveCfg = Debug|Any CPU
		{11520837-C058-45D8-BA21-C87678E2F6F7}.Debug|Any CPU.Build.0 = Debug|Any CPU
		{11520837-C058-45D8-BA21-C87678E2F6F7}.Release|Any CPU.ActiveCfg = Release|Any CPU
		{11520837-C058-45D8-BA21-C87678E2F6F7}.Release|Any CPU.Build.0 = Release|Any CPU
		{2D239089-036A-4558-AA41-EA642A2C8B48}.Debug|Any CPU.ActiveCfg = Debug|Any CPU
		{2D239089-036A-4558-AA41-EA642A2C8B48}.Debug|Any CPU.Build.0 = Debug|Any CPU
		{2D239089-036A-4558-AA41-EA642A2C8B48}.Release|Any CPU.ActiveCfg = Release|Any CPU
		{2D239089-036A-4558-AA41-EA642A2C8B48}.Release|Any CPU.Build.0 = Release|Any CPU
		{CDAB5390-C75D-4A7C-8AD9-7666806F9F4B}.Debug|Any CPU.ActiveCfg = Debug|Any CPU
		{CDAB5390-C75D-4A7C-8AD9-7666806F9F4B}.Debug|Any CPU.Build.0 = Debug|Any CPU
		{CDAB5390-C75D-4A7C-8AD9-7666806F9F4B}.Release|Any CPU.ActiveCfg = Release|Any CPU
		{CDAB5390-C75D-4A7C-8AD9-7666806F9F4B}.Release|Any CPU.Build.0 = Release|Any CPU
		{7C1F26A6-5E7A-4513-91DE-CF86D6FA54CB}.Debug|Any CPU.ActiveCfg = Debug|Any CPU
		{7C1F26A6-5E7A-4513-91DE-CF86D6FA54CB}.Debug|Any CPU.Build.0 = Debug|Any CPU
		{7C1F26A6-5E7A-4513-91DE-CF86D6FA54CB}.Release|Any CPU.ActiveCfg = Release|Any CPU
		{7C1F26A6-5E7A-4513-91DE-CF86D6FA54CB}.Release|Any CPU.Build.0 = Release|Any CPU
	EndGlobalSection
	GlobalSection(SolutionProperties) = preSolution
		HideSolutionNode = FALSE
	EndGlobalSection
	GlobalSection(ExtensibilityGlobals) = postSolution
		SolutionGuid = {6E9C9172-E030-4EEF-BE26-63DF4DDBED79}
	EndGlobalSection
EndGlobal
